
Microsoft Visual Studio Solution File, Format Version 12.00
# Visual Studio Version 17
VisualStudioVersion = 17.5.33516.290
MinimumVisualStudioVersion = 10.0.40219.1
Project("{FAE04EC0-301F-11D3-BF4B-00C04F79EFBC}") = "BlazorProject", "BlazorProject\BlazorProject.csproj", "{7B408D54-1479-434D-9DE2-0260F3E941CC}"
EndProject
Project("{FAE04EC0-301F-11D3-BF4B-00C04F79EFBC}") = "BlazorProject.DataAccess", "BlazorProject.DataAccess\BlazorProject.DataAccess.csproj", "{C8D5CD25-D7DC-42F4-878D-8A712C49701B}"
EndProject
Project("{FAE04EC0-301F-11D3-BF4B-00C04F79EFBC}") = "BlazorProject.Common", "BlazorProject.Common\BlazorProject.Common.csproj", "{EC6D19CE-FE70-41C5-B454-B02E3E4D4C45}"
EndProject
Project("{FAE04EC0-301F-11D3-BF4B-00C04F79EFBC}") = "BlazorProject.Models", "BlazorProject.Models\BlazorProject.Models.csproj", "{DCF0D385-A6FE-4D95-89AC-7AE690A1BCE3}"
EndProject
Project("{FAE04EC0-301F-11D3-BF4B-00C04F79EFBC}") = "BlazorProject.Business", "BlazorProject.Business\BlazorProject.Business.csproj", "{9B1CA8E2-488E-4F46-A7DF-87BE7A7326D4}"
EndProject
Global
	GlobalSection(SolutionConfigurationPlatforms) = preSolution
		Debug|Any CPU = Debug|Any CPU
		Release|Any CPU = Release|Any CPU
	EndGlobalSection
	GlobalSection(ProjectConfigurationPlatforms) = postSolution
		{7B408D54-1479-434D-9DE2-0260F3E941CC}.Debug|Any CPU.ActiveCfg = Debug|Any CPU
		{7B408D54-1479-434D-9DE2-0260F3E941CC}.Debug|Any CPU.Build.0 = Debug|Any CPU
		{7B408D54-1479-434D-9DE2-0260F3E941CC}.Release|Any CPU.ActiveCfg = Release|Any CPU
		{7B408D54-1479-434D-9DE2-0260F3E941CC}.Release|Any CPU.Build.0 = Release|Any CPU
		{C8D5CD25-D7DC-42F4-878D-8A712C49701B}.Debug|Any CPU.ActiveCfg = Debug|Any CPU
		{C8D5CD25-D7DC-42F4-878D-8A712C49701B}.Debug|Any CPU.Build.0 = Debug|Any CPU
		{C8D5CD25-D7DC-42F4-878D-8A712C49701B}.Release|Any CPU.ActiveCfg = Release|Any CPU
		{C8D5CD25-D7DC-42F4-878D-8A712C49701B}.Release|Any CPU.Build.0 = Release|Any CPU
		{EC6D19CE-FE70-41C5-B454-B02E3E4D4C45}.Debug|Any CPU.ActiveCfg = Debug|Any CPU
		{EC6D19CE-FE70-41C5-B454-B02E3E4D4C45}.Debug|Any CPU.Build.0 = Debug|Any CPU
		{EC6D19CE-FE70-41C5-B454-B02E3E4D4C45}.Release|Any CPU.ActiveCfg = Release|Any CPU
		{EC6D19CE-FE70-41C5-B454-B02E3E4D4C45}.Release|Any CPU.Build.0 = Release|Any CPU
		{DCF0D385-A6FE-4D95-89AC-7AE690A1BCE3}.Debug|Any CPU.ActiveCfg = Debug|Any CPU
		{DCF0D385-A6FE-4D95-89AC-7AE690A1BCE3}.Debug|Any CPU.Build.0 = Debug|Any CPU
		{DCF0D385-A6FE-4D95-89AC-7AE690A1BCE3}.Release|Any CPU.ActiveCfg = Release|Any CPU
		{DCF0D385-A6FE-4D95-89AC-7AE690A1BCE3}.Release|Any CPU.Build.0 = Release|Any CPU
		{9B1CA8E2-488E-4F46-A7DF-87BE7A7326D4}.Debug|Any CPU.ActiveCfg = Debug|Any CPU
		{9B1CA8E2-488E-4F46-A7DF-87BE7A7326D4}.Debug|Any CPU.Build.0 = Debug|Any CPU
		{9B1CA8E2-488E-4F46-A7DF-87BE7A7326D4}.Release|Any CPU.ActiveCfg = Release|Any CPU
		{9B1CA8E2-488E-4F46-A7DF-87BE7A7326D4}.Release|Any CPU.Build.0 = Release|Any CPU
	EndGlobalSection
	GlobalSection(SolutionProperties) = preSolution
		HideSolutionNode = FALSE
	EndGlobalSection
	GlobalSection(ExtensibilityGlobals) = postSolution
		SolutionGuid = {A2E30CB4-A75D-47B3-B198-CBFC24AFB8A2}
	EndGlobalSection
EndGlobal
